{
  "lockfileVersion": 1,
  "workspaces": {
    "": {
      "name": "kaban_backend",
      "dependencies": {
        "@elysiajs/swagger": "^1.2.2",
        "@prisma/client": "^6.4.1",
        "elysia": "^1.2.25",
        "mongoose": "^8.12.1",
      },
      "devDependencies": {
        "bun-types": "latest",
      },
    },
  },
  "packages": {
    "@elysiajs/swagger": ["@elysiajs/swagger@1.2.2", "", { "dependencies": { "@scalar/themes": "^0.9.52", "@scalar/types": "^0.0.12", "openapi-types": "^12.1.3", "pathe": "^1.1.2" }, "peerDependencies": { "elysia": ">= 1.2.0" } }, ""],

    "@mongodb-js/saslprep": ["@mongodb-js/saslprep@1.2.0", "", { "dependencies": { "sparse-bitfield": "^3.0.3" } }, ""],

    "@prisma/client": ["@prisma/client@6.4.1", "", { "peerDependencies": { "prisma": "*", "typescript": ">=5.1.0" }, "optionalPeers": ["prisma", "typescript"] }, ""],

    "@scalar/openapi-types": ["@scalar/openapi-types@0.1.1", "", {}, ""],

    "@scalar/themes": ["@scalar/themes@0.9.70", "", { "dependencies": { "@scalar/types": "0.0.36" } }, ""],

    "@scalar/types": ["@scalar/types@0.0.12", "", { "dependencies": { "@scalar/openapi-types": "0.1.1", "@unhead/schema": "^1.9.5" } }, ""],

    "@sinclair/typebox": ["@sinclair/typebox@0.34.28", "", {}, ""],

    "@types/node": ["@types/node@22.14.1", "", { "dependencies": { "undici-types": "~6.21.0" } }, "sha512-u0HuPQwe/dHrItgHHpmw3N2fYCR6x4ivMNbPHRkBVP4CvN+kiRrKHWk3i8tXiO/joPwXLMYvF9TTF0eqgHIuOw=="],

    "@types/webidl-conversions": ["@types/webidl-conversions@7.0.3", "", {}, ""],

    "@types/whatwg-url": ["@types/whatwg-url@11.0.5", "", { "dependencies": { "@types/webidl-conversions": "*" } }, ""],

    "@unhead/schema": ["@unhead/schema@1.11.20", "", { "dependencies": { "hookable": "^5.5.3", "zhead": "^2.2.4" } }, ""],

    "bson": ["bson@6.10.3", "", {}, ""],

    "bun-types": ["bun-types@1.2.10", "", { "dependencies": { "@types/node": "*" } }, "sha512-b5ITZMnVdf3m1gMvJHG+gIfeJHiQPJak0f7925Hxu6ZN5VKA8AGy4GZ4lM+Xkn6jtWxg5S3ldWvfmXdvnkp3GQ=="],

    "cookie": ["cookie@1.0.2", "", {}, ""],

    "debug": ["debug@4.4.0", "", { "dependencies": { "ms": "^2.1.3" } }, ""],

    "elysia": ["elysia@1.2.25", "", { "dependencies": { "@sinclair/typebox": "^0.34.27", "cookie": "^1.0.2", "memoirist": "^0.3.0", "openapi-types": "^12.1.3" }, "peerDependencies": { "@sinclair/typebox": ">= 0.34.0", "openapi-types": ">= 12.0.0", "typescript": ">= 5.0.0" }, "optionalPeers": ["typescript"] }, ""],

    "hookable": ["hookable@5.5.3", "", {}, ""],

    "kareem": ["kareem@2.6.3", "", {}, ""],

    "memoirist": ["memoirist@0.3.0", "", {}, ""],

    "memory-pager": ["memory-pager@1.5.0", "", {}, ""],

    "mongodb": ["mongodb@6.14.2", "", { "dependencies": { "@mongodb-js/saslprep": "^1.1.9", "bson": "^6.10.3", "mongodb-connection-string-url": "^3.0.0" }, "peerDependencies": { "@aws-sdk/credential-providers": "^3.188.0", "@mongodb-js/zstd": "^1.1.0 || ^2.0.0", "gcp-metadata": "^5.2.0", "kerberos": "^2.0.1", "mongodb-client-encryption": ">=6.0.0 <7", "snappy": "^7.2.2", "socks": "^2.7.1" }, "optionalPeers": ["@aws-sdk/credential-providers", "@mongodb-js/zstd", "gcp-metadata", "kerberos", "mongodb-client-encryption", "snappy", "socks"] }, ""],

    "mongodb-connection-string-url": ["mongodb-connection-string-url@3.0.2", "", { "dependencies": { "@types/whatwg-url": "^11.0.2", "whatwg-url": "^14.1.0 || ^13.0.0" } }, ""],

    "mongoose": ["mongoose@8.12.1", "", { "dependencies": { "bson": "^6.10.3", "kareem": "2.6.3", "mongodb": "~6.14.0", "mpath": "0.9.0", "mquery": "5.0.0", "ms": "2.1.3", "sift": "17.1.3" } }, ""],

    "mpath": ["mpath@0.9.0", "", {}, ""],

    "mquery": ["mquery@5.0.0", "", { "dependencies": { "debug": "4.x" } }, ""],

    "ms": ["ms@2.1.3", "", {}, ""],

    "openapi-types": ["openapi-types@12.1.3", "", {}, ""],

    "pathe": ["pathe@1.1.2", "", {}, ""],

    "punycode": ["punycode@2.3.1", "", {}, ""],

    "sift": ["sift@17.1.3", "", {}, ""],

    "sparse-bitfield": ["sparse-bitfield@3.0.3", "", { "dependencies": { "memory-pager": "^1.0.2" } }, ""],

    "tr46": ["tr46@5.0.0", "", { "dependencies": { "punycode": "^2.3.1" } }, ""],

    "undici-types": ["undici-types@6.21.0", "", {}, "sha512-iwDZqg0QAGrg9Rav5H4n0M64c3mkR59cJ6wQp+7C4nI0gsmExaedaYLNO44eT4AtBBwjbTiGPMlt2Md0T9H9JQ=="],

    "webidl-conversions": ["webidl-conversions@7.0.0", "", {}, ""],

    "whatwg-url": ["whatwg-url@14.1.1", "", { "dependencies": { "tr46": "^5.0.0", "webidl-conversions": "^7.0.0" } }, ""],

    "zhead": ["zhead@2.2.4", "", {}, ""],

    "@scalar/themes/@scalar/types": ["@scalar/types@0.0.36", "", { "dependencies": { "@scalar/openapi-types": "0.1.9", "@unhead/schema": "^1.11.11" } }, ""],

    "@scalar/themes/@scalar/types/@scalar/openapi-types": ["@scalar/openapi-types@0.1.9", "", {}, ""],
  }
}
